{
  "name": "playwright-quality-platform",
  "version": "0.1.0",
  "lockfileVersion": 3,
  "requires": true,
  "packages": {
    "": {
      "name": "playwright-quality-platform",
      "version": "0.1.0",
      "license": "MIT",
      "workspaces": [
        "packages/*",
        "examples/*"
      ],
      "devDependencies": {
        "typescript": "5.8.3"
      },
      "engines": {
        "node": ">=22"
      }
    },
    "examples/demo-saas": {
      "name": "@forgeqa-example/teamboard",
      "version": "0.1.0"
    },
    "node_modules/@azerish25-ux/forgeqa-api": {
      "resolved": "packages/api",
      "link": true
    },
    "node_modules/@azerish25-ux/forgeqa-cli": {
      "resolved": "packages/cli",
      "link": true
    },
    "node_modules/@azerish25-ux/forgeqa-core": {
      "resolved": "packages/core",
      "link": true
    },
    "node_modules/@azerish25-ux/forgeqa-flake-analysis": {
      "resolved": "packages/flake-analysis",
      "link": true
    },
    "node_modules/@azerish25-ux/forgeqa-playwright": {
      "resolved": "packages/playwright",
      "link": true
    },
    "node_modules/@azerish25-ux/forgeqa-reporter": {
      "resolved": "packages/reporter",
      "link": true
    },
    "node_modules/@azerish25-ux/forgeqa-test-data": {
      "resolved": "packages/test-data",
      "link": true
    },
    "node_modules/@forgeqa-example/teamboard": {
      "resolved": "examples/demo-saas",
      "link": true
    },
    "node_modules/typescript": {
      "resolved": "https://registry.npmjs.org/typescript/-/typescript-5.8.3.tgz",
      "version": "5.8.3",
      "integrity": "sha512-p1diW6TqL9L07nNxvRMM7hMMw4c5XOo/1ibL4aAIGmSAt9slTE1Xgw5KWuof2uTOvCg9BY7ZRi+GaF+7sfgPeQ==",
      "dev": true,
      "license": "Apache-2.0",
      "bin": {
        "tsc": "bin/tsc",
        "tsserver": "bin/tsserver"
      },
      "engines": {
        "node": ">=14.17"
      }
    },
    "packages/api": {
      "name": "@azerish25-ux/forgeqa-api",
      "version": "0.1.0",
      "license": "MIT",
      "dependencies": {
        "@azerish25-ux/forgeqa-core": "0.1.0"
      },
      "engines": {
        "node": ">=22"
      }
    },
    "packages/cli": {
      "name": "@azerish25-ux/forgeqa-cli",
      "version": "0.1.0",
      "license": "MIT",
      "dependencies": {
        "@azerish25-ux/forgeqa-core": "0.1.0",
        "@azerish25-ux/forgeqa-flake-analysis": "0.1.0",
        "@azerish25-ux/forgeqa-reporter": "0.1.0"
      },
      "bin": {
        "forgeqa": "dist/cli.js"
      },
      "engines": {
        "node": ">=22"
      }
    },
    "packages/core": {
      "name": "@azerish25-ux/forgeqa-core",
      "version": "0.1.0",
      "license": "MIT",
      "engines": {
        "node": ">=22"
      }
    },
    "packages/flake-analysis": {
      "name": "@azerish25-ux/forgeqa-flake-analysis",
      "version": "0.1.0",
      "license": "MIT",
      "dependencies": {
        "@azerish25-ux/forgeqa-core": "0.1.0"
      },
      "engines": {
        "node": ">=22"
      }
    },
    "packages/github-action": {
      "name": "@azerish25-ux/forgeqa-github",
      "version": "0.1.0",
      "license": "MIT",
      "engines": {
        "node": ">=22"
      }
    },
    "packages/playwright": {
      "name": "@azerish25-ux/forgeqa-playwright",
      "version": "0.1.0",
      "license": "MIT",
      "dependencies": {
        "@azerish25-ux/forgeqa-core": "0.1.0",
        "@azerish25-ux/forgeqa-reporter": "0.1.0"
      },
      "engines": {
        "node": ">=22"
      },
      "peerDependencies": {
        "@playwright/test": ">=1.50 <2"
      },
      "peerDependenciesMeta": {
        "@playwright/test": {
          "optional": true
        }
      }
    },
    "packages/reporter": {
      "name": "@azerish25-ux/forgeqa-reporter",
      "version": "0.1.0",
      "license": "MIT",
      "dependencies": {
        "@azerish25-ux/forgeqa-core": "0.1.0"
      },
      "engines": {
        "node": ">=22"
      }
    },
    "packages/test-data": {
      "name": "@azerish25-ux/forgeqa-test-data",
      "version": "0.1.0",
      "license": "MIT",
      "dependencies": {
        "@azerish25-ux/forgeqa-core": "0.1.0"
      },
      "engines": {
        "node": ">=22"
      }
    },
    "node_modules/@azerish25-ux/forgeqa-github": {
      "resolved": "packages/github-action",
      "link": true
    }
  }
}
